
Microsoft Visual Studio Solution File, Format Version 12.00
# Visual Studio Version 17
VisualStudioVersion = 17.9.34607.119
MinimumVisualStudioVersion = 10.0.40219.1
Project("{FAE04EC0-301F-11D3-BF4B-00C04F79EFBC}") = "ProgrammingExercises", "ProgrammingExercises\ProgrammingExercises.csproj", "{694144E9-93B0-43B4-AB0A-34A657DDC0BD}"
EndProject
Global
	GlobalSection(SolutionConfigurationPlatforms) = preSolution
		Debug|Any CPU = Debug|Any CPU
		Release|Any CPU = Release|Any CPU
	EndGlobalSection
	GlobalSection(ProjectConfigurationPlatforms) = postSolution
		{694144E9-93B0-43B4-AB0A-34A657DDC0BD}.Debug|Any CPU.ActiveCfg = Debug|Any CPU
		{694144E9-93B0-43B4-AB0A-34A657DDC0BD}.Debug|Any CPU.Build.0 = Debug|Any CPU
		{694144E9-93B0-43B4-AB0A-34A657DDC0BD}.Release|Any CPU.ActiveCfg = Release|Any CPU
		{694144E9-93B0-43B4-AB0A-34A657DDC0BD}.Release|Any CPU.Build.0 = Release|Any CPU
	EndGlobalSection
	GlobalSection(SolutionProperties) = preSolution
		HideSolutionNode = FALSE
	EndGlobalSection
	GlobalSection(ExtensibilityGlobals) = postSolution
		SolutionGuid = {FDB7EAE4-D19E-4DFA-A72F-1552413BEF41}
	EndGlobalSection
EndGlobal
